
Microsoft Visual Studio Solution File, Format Version 11.00
# Visual Studio 2010
Project("{E24C65DC-7377-472B-9ABA-BC803B73C61A}") = "NodeNet", "http://localhost/NodeNet", "{1A88C1D1-42B4-4508-AC79-DD7CDF35FAE2}"
	ProjectSection(WebsiteProperties) = preProject
		UseIISExpress = "false"
		TargetFrameworkMoniker = ".NETFramework,Version%3Dv2.0"
		Debug.AspNetCompiler.VirtualPath = "/NodeNet"
		Debug.AspNetCompiler.PhysicalPath = "C:\Dev\NodeNetBackbone\Web\"
		Debug.AspNetCompiler.TargetPath = "PrecompiledWeb\NodeNet\"
		Debug.AspNetCompiler.Updateable = "true"
		Debug.AspNetCompiler.ForceOverwrite = "true"
		Debug.AspNetCompiler.FixedNames = "false"
		Debug.AspNetCompiler.Debug = "True"
		Release.AspNetCompiler.VirtualPath = "/NodeNet"
		Release.AspNetCompiler.PhysicalPath = "C:\Dev\NodeNetBackbone\Web\"
		Release.AspNetCompiler.TargetPath = "PrecompiledWeb\NodeNet\"
		Release.AspNetCompiler.Updateable = "true"
		Release.AspNetCompiler.ForceOverwrite = "true"
		Release.AspNetCompiler.FixedNames = "false"
		Release.AspNetCompiler.Debug = "False"
		SlnRelativePath = "C:\Dev\NodeNetBackbone\Web\"
	EndProjectSection
EndProject
Global
	GlobalSection(SolutionConfigurationPlatforms) = preSolution
		Debug|Any CPU = Debug|Any CPU
	EndGlobalSection
	GlobalSection(ProjectConfigurationPlatforms) = postSolution
		{1A88C1D1-42B4-4508-AC79-DD7CDF35FAE2}.Debug|Any CPU.ActiveCfg = Debug|Any CPU
		{1A88C1D1-42B4-4508-AC79-DD7CDF35FAE2}.Debug|Any CPU.Build.0 = Debug|Any CPU
	EndGlobalSection
	GlobalSection(SolutionProperties) = preSolution
		HideSolutionNode = FALSE
	EndGlobalSection
EndGlobal
